
Microsoft Visual Studio Solution File, Format Version 12.00
# Visual Studio 2013
VisualStudioVersion = 12.0.30723.0
MinimumVisualStudioVersion = 10.0.40219.1
Project("{FAE04EC0-301F-11D3-BF4B-00C04F79EFBC}") = "solid-serial-port", "solid-serial-port\solid-serial-port.csproj", "{51512EA8-84F8-4C71-84F7-65E711576069}"
EndProject
Project("{FAE04EC0-301F-11D3-BF4B-00C04F79EFBC}") = "solid-serial-port-tests", "solid-serial-port-tests\solid-serial-port-tests.csproj", "{6E72090C-0BA6-4ED4-96F1-F8FD752C7786}"
EndProject
Global
	GlobalSection(SolutionConfigurationPlatforms) = preSolution
		Debug|Any CPU = Debug|Any CPU
		Release|Any CPU = Release|Any CPU
	EndGlobalSection
	GlobalSection(ProjectConfigurationPlatforms) = postSolution
		{51512EA8-84F8-4C71-84F7-65E711576069}.Debug|Any CPU.ActiveCfg = Debug|Any CPU
		{51512EA8-84F8-4C71-84F7-65E711576069}.Debug|Any CPU.Build.0 = Debug|Any CPU
		{51512EA8-84F8-4C71-84F7-65E711576069}.Release|Any CPU.ActiveCfg = Release|Any CPU
		{51512EA8-84F8-4C71-84F7-65E711576069}.Release|Any CPU.Build.0 = Release|Any CPU
		{6E72090C-0BA6-4ED4-96F1-F8FD752C7786}.Debug|Any CPU.ActiveCfg = Debug|Any CPU
		{6E72090C-0BA6-4ED4-96F1-F8FD752C7786}.Debug|Any CPU.Build.0 = Debug|Any CPU
		{6E72090C-0BA6-4ED4-96F1-F8FD752C7786}.Release|Any CPU.ActiveCfg = Release|Any CPU
		{6E72090C-0BA6-4ED4-96F1-F8FD752C7786}.Release|Any CPU.Build.0 = Release|Any CPU
	EndGlobalSection
	GlobalSection(SolutionProperties) = preSolution
		HideSolutionNode = FALSE
	EndGlobalSection
EndGlobal
